
Microsoft Visual Studio Solution File, Format Version 12.00
# Visual Studio Version 16
VisualStudioVersion = 16.0.32510.428
MinimumVisualStudioVersion = 10.0.40219.1
Project("{FAE04EC0-301F-11D3-BF4B-00C04F79EFBC}") = "EB.BankApp.Web", "EB.BankApp.Web\EB.BankApp.Web.csproj", "{5D4D90E5-DBFE-436D-AD72-FB00EDD46A5B}"
EndProject
Global
	GlobalSection(SolutionConfigurationPlatforms) = preSolution
		Debug|Any CPU = Debug|Any CPU
		Release|Any CPU = Release|Any CPU
	EndGlobalSection
	GlobalSection(ProjectConfigurationPlatforms) = postSolution
		{5D4D90E5-DBFE-436D-AD72-FB00EDD46A5B}.Debug|Any CPU.ActiveCfg = Debug|Any CPU
		{5D4D90E5-DBFE-436D-AD72-FB00EDD46A5B}.Debug|Any CPU.Build.0 = Debug|Any CPU
		{5D4D90E5-DBFE-436D-AD72-FB00EDD46A5B}.Release|Any CPU.ActiveCfg = Release|Any CPU
		{5D4D90E5-DBFE-436D-AD72-FB00EDD46A5B}.Release|Any CPU.Build.0 = Release|Any CPU
	EndGlobalSection
	GlobalSection(SolutionProperties) = preSolution
		HideSolutionNode = FALSE
	EndGlobalSection
	GlobalSection(ExtensibilityGlobals) = postSolution
		SolutionGuid = {1380D7D8-3EE1-476F-841F-38CD8C2A1021}
	EndGlobalSection
EndGlobal
